// !$*UTF8*$!
{
	archiveVersion = 1;
	classes = {
	};
	objectVersion = 46;
	objects = {

/* Begin PBXBuildFile section */
		17D755601B79C5EB00385A30 /* SecondBedroom.xib in Resources */ = {isa = PBXBuildFile; fileRef = 17D7555F1B79C5EB00385A30 /* SecondBedroom.xib */; };
		17D755621B79C62500385A30 /* ButleRoom.xib in Resources */ = {isa = PBXBuildFile; fileRef = 17D755611B79C62500385A30 /* ButleRoom.xib */; };
		17DBAD081B74B03B00B26A83 /* main.m in Sources */ = {isa = PBXBuildFile; fileRef = 17DBAD071B74B03B00B26A83 /* main.m */; };
		17DBAD0B1B74B03B00B26A83 /* AppDelegate.m in Sources */ = {isa = PBXBuildFile; fileRef = 17DBAD0A1B74B03B00B26A83 /* AppDelegate.m */; };
		17DBAD0E1B74B03B00B26A83 /* ViewController.m in Sources */ = {isa = PBXBuildFile; fileRef = 17DBAD0D1B74B03B00B26A83 /* ViewController.m */; };
		17DBAD111B74B03B00B26A83 /* Main.storyboard in Resources */ = {isa = PBXBuildFile; fileRef = 17DBAD0F1B74B03B00B26A83 /* Main.storyboard */; };
		17DBAD131B74B03B00B26A83 /* Images.xcassets in Resources */ = {isa = PBXBuildFile; fileRef = 17DBAD121B74B03B00B26A83 /* Images.xcassets */; };
		17DBAD161B74B03B00B26A83 /* LaunchScreen.xib in Resources */ = {isa = PBXBuildFile; fileRef = 17DBAD141B74B03B00B26A83 /* LaunchScreen.xib */; };
		17DBAD221B74B03B00B26A83 /* BLSmartPageViewDemoTests.m in Sources */ = {isa = PBXBuildFile; fileRef = 17DBAD211B74B03B00B26A83 /* BLSmartPageViewDemoTests.m */; };
		17DBAD371B74B81000B26A83 /* APPChildViewController.m in Sources */ = {isa = PBXBuildFile; fileRef = 17DBAD351B74B81000B26A83 /* APPChildViewController.m */; };
		17DBAD381B74B81000B26A83 /* APPChildViewController.xib in Resources */ = {isa = PBXBuildFile; fileRef = 17DBAD361B74B81000B26A83 /* APPChildViewController.xib */; };
		17DC5B491B7B25690007C40B /* BLUIButton.m in Sources */ = {isa = PBXBuildFile; fileRef = 17DC5B481B7B25690007C40B /* BLUIButton.m */; };
		17DC5B4B1B7B33760007C40B /* LivingDiningRoom.plist in Resources */ = {isa = PBXBuildFile; fileRef = 17DC5B4A1B7B33760007C40B /* LivingDiningRoom.plist */; };
		17DD16511B75AC1200E0858C /* homeDemo.png in Resources */ = {isa = PBXBuildFile; fileRef = 17DD16501B75AC1200E0858C /* homeDemo.png */; };
		17DDCA061B787A3B00AF415B /* LivingDiningRoom.xib in Resources */ = {isa = PBXBuildFile; fileRef = 17DDCA051B787A3B00AF415B /* LivingDiningRoom.xib */; };
		17DDCA0C1B787D6800AF415B /* 资源库 in Resources */ = {isa = PBXBuildFile; fileRef = 17DDCA0B1B787D6800AF415B /* 资源库 */; };
		17DDCA0E1B788A4000AF415B /* NorthMainBedroom.xib in Resources */ = {isa = PBXBuildFile; fileRef = 17DDCA0D1B788A4000AF415B /* NorthMainBedroom.xib */; };
		17DDCA111B78B22100AF415B /* PropertyConfig.plist in Resources */ = {isa = PBXBuildFile; fileRef = 17DDCA101B78B22100AF415B /* PropertyConfig.plist */; };
		17DDCA141B78B6E500AF415B /* PropertyConfigPhrase.m in Sources */ = {isa = PBXBuildFile; fileRef = 17DDCA131B78B6E500AF415B /* PropertyConfigPhrase.m */; };
/* End PBXBuildFile section */

/* Begin PBXContainerItemProxy section */
		17DBAD1C1B74B03B00B26A83 /* PBXContainerItemProxy */ = {
			isa = PBXContainerItemProxy;
			containerPortal = 17DBACFA1B74B03B00B26A83 /* Project object */;
			proxyType = 1;
			remoteGlobalIDString = 17DBAD011B74B03B00B26A83;
			remoteInfo = BLSmartPageViewDemo;
		};
/* End PBXContainerItemProxy section */

/* Begin PBXFileReference section */
		17D7555F1B79C5EB00385A30 /* SecondBedroom.xib */ = {isa = PBXFileReference; fileEncoding = 4; lastKnownFileType = file.xib; path = SecondBedroom.xib; sourceTree = "<group>"; };
		17D755611B79C62500385A30 /* ButleRoom.xib */ = {isa = PBXFileReference; fileEncoding = 4; lastKnownFileType = file.xib; path = ButleRoom.xib; sourceTree = "<group>"; };
		17DBAD021B74B03B00B26A83 /* BLSmartPageViewDemo.app */ = {isa = PBXFileReference; explicitFileType = wrapper.application; includeInIndex = 0; path = BLSmartPageViewDemo.app; sourceTree = BUILT_PRODUCTS_DIR; };
		17DBAD061B74B03B00B26A83 /* Info.plist */ = {isa = PBXFileReference; lastKnownFileType = text.plist.xml; path = Info.plist; sourceTree = "<group>"; };
		17DBAD071B74B03B00B26A83 /* main.m */ = {isa = PBXFileReference; lastKnownFileType = sourcecode.c.objc; path = main.m; sourceTree = "<group>"; };
		17DBAD091B74B03B00B26A83 /* AppDelegate.h */ = {isa = PBXFileReference; lastKnownFileType = sourcecode.c.h; path = AppDelegate.h; sourceTree = "<group>"; };
		17DBAD0A1B74B03B00B26A83 /* AppDelegate.m */ = {isa = PBXFileReference; lastKnownFileType = sourcecode.c.objc; path = AppDelegate.m; sourceTree = "<group>"; };
		17DBAD0C1B74B03B00B26A83 /* ViewController.h */ = {isa = PBXFileReference; lastKnownFileType = sourcecode.c.h; path = ViewController.h; sourceTree = "<group>"; };
		17DBAD0D1B74B03B00B26A83 /* ViewController.m */ = {isa = PBXFileReference; lastKnownFileType = sourcecode.c.objc; path = ViewController.m; sourceTree = "<group>"; };
		17DBAD101B74B03B00B26A83 /* Base */ = {isa = PBXFileReference; lastKnownFileType = file.storyboard; name = Base; path = Base.lproj/Main.storyboard; sourceTree = "<group>"; };
		17DBAD121B74B03B00B26A83 /* Images.xcassets */ = {isa = PBXFileReference; lastKnownFileType = folder.assetcatalog; path = Images.xcassets; sourceTree = "<group>"; };
		17DBAD151B74B03B00B26A83 /* Base */ = {isa = PBXFileReference; lastKnownFileType = file.xib; name = Base; path = Base.lproj/LaunchScreen.xib; sourceTree = "<group>"; };
		17DBAD1B1B74B03B00B26A83 /* BLSmartPageViewDemoTests.xctest */ = {isa = PBXFileReference; explicitFileType = wrapper.cfbundle; includeInIndex = 0; path = BLSmartPageViewDemoTests.xctest; sourceTree = BUILT_PRODUCTS_DIR; };
		17DBAD201B74B03B00B26A83 /* Info.plist */ = {isa = PBXFileReference; lastKnownFileType = text.plist.xml; path = Info.plist; sourceTree = "<group>"; };
		17DBAD211B74B03B00B26A83 /* BLSmartPageViewDemoTests.m */ = {isa = PBXFileReference; lastKnownFileType = sourcecode.c.objc; path = BLSmartPageViewDemoTests.m; sourceTree = "<group>"; };
		17DBAD341B74B81000B26A83 /* APPChildViewController.h */ = {isa = PBXFileReference; fileEncoding = 4; lastKnownFileType = sourcecode.c.h; path = APPChildViewController.h; sourceTree = "<group>"; };
		17DBAD351B74B81000B26A83 /* APPChildViewController.m */ = {isa = PBXFileReference; fileEncoding = 4; lastKnownFileType = sourcecode.c.objc; path = APPChildViewController.m; sourceTree = "<group>"; };
		17DBAD361B74B81000B26A83 /* APPChildViewController.xib */ = {isa = PBXFileReference; fileEncoding = 4; lastKnownFileType = file.xib; path = APPChildViewController.xib; sourceTree = "<group>"; };
		17DC5B471B7B25690007C40B /* BLUIButton.h */ = {isa = PBXFileReference; fileEncoding = 4; lastKnownFileType = sourcecode.c.h; path = BLUIButton.h; sourceTree = "<group>"; };
		17DC5B481B7B25690007C40B /* BLUIButton.m */ = {isa = PBXFileReference; fileEncoding = 4; lastKnownFileType = sourcecode.c.objc; path = BLUIButton.m; sourceTree = "<group>"; };
		17DC5B4A1B7B33760007C40B /* LivingDiningRoom.plist */ = {isa = PBXFileReference; fileEncoding = 4; lastKnownFileType = text.plist.xml; path = LivingDiningRoom.plist; sourceTree = "<group>"; };
		17DD16501B75AC1200E0858C /* homeDemo.png */ = {isa = PBXFileReference; lastKnownFileType = image.png; path = homeDemo.png; sourceTree = "<group>"; };
		17DDCA051B787A3B00AF415B /* LivingDiningRoom.xib */ = {isa = PBXFileReference; fileEncoding = 4; lastKnownFileType = file.xib; path = LivingDiningRoom.xib; sourceTree = "<group>"; };
		17DDCA0B1B787D6800AF415B /* 资源库 */ = {isa = PBXFileReference; lastKnownFileType = folder; path = "资源库"; sourceTree = "<group>"; };
		17DDCA0D1B788A4000AF415B /* NorthMainBedroom.xib */ = {isa = PBXFileReference; fileEncoding = 4; lastKnownFileType = file.xib; path = NorthMainBedroom.xib; sourceTree = "<group>"; };
		17DDCA101B78B22100AF415B /* PropertyConfig.plist */ = {isa = PBXFileReference; fileEncoding = 4; lastKnownFileType = text.plist.xml; path = PropertyConfig.plist; sourceTree = "<group>"; };
		17DDCA121B78B6E500AF415B /* PropertyConfigPhrase.h */ = {isa = PBXFileReference; fileEncoding = 4; lastKnownFileType = sourcecode.c.h; path = PropertyConfigPhrase.h; sourceTree = "<group>"; };
		17DDCA131B78B6E500AF415B /* PropertyConfigPhrase.m */ = {isa = PBXFileReference; fileEncoding = 4; lastKnownFileType = sourcecode.c.objc; path = PropertyConfigPhrase.m; sourceTree = "<group>"; };
/* End PBXFileReference section */

/* Begin PBXFrameworksBuildPhase section */
		17DBACFF1B74B03B00B26A83 /* Frameworks */ = {
			isa = PBXFrameworksBuildPhase;
			buildActionMask = 2147483647;
			files = (
			);
			runOnlyForDeploymentPostprocessing = 0;
		};
		17DBAD181B74B03B00B26A83 /* Frameworks */ = {
			isa = PBXFrameworksBuildPhase;
			buildActionMask = 2147483647;
			files = (
			);
			runOnlyForDeploymentPostprocessing = 0;
		};
/* End PBXFrameworksBuildPhase section */

/* Begin PBXGroup section */
		17D755631B79C67D00385A30 /* NibFile */ = {
			isa = PBXGroup;
			children = (
				17DDCA101B78B22100AF415B /* PropertyConfig.plist */,
				17DC5B4A1B7B33760007C40B /* LivingDiningRoom.plist */,
				17DDCA051B787A3B00AF415B /* LivingDiningRoom.xib */,
				17DDCA0D1B788A4000AF415B /* NorthMainBedroom.xib */,
				17D7555F1B79C5EB00385A30 /* SecondBedroom.xib */,
				17D755611B79C62500385A30 /* ButleRoom.xib */,
			);
			name = NibFile;
			sourceTree = "<group>";
		};
		17DBACF91B74B03B00B26A83 = {
			isa = PBXGroup;
			children = (
				17DBAD041B74B03B00B26A83 /* BLSmartPageViewDemo */,
				17DBAD1E1B74B03B00B26A83 /* BLSmartPageViewDemoTests */,
				17DBAD031B74B03B00B26A83 /* Products */,
			);
			sourceTree = "<group>";
		};
		17DBAD031B74B03B00B26A83 /* Products */ = {
			isa = PBXGroup;
			children = (
				17DBAD021B74B03B00B26A83 /* BLSmartPageViewDemo.app */,
				17DBAD1B1B74B03B00B26A83 /* BLSmartPageViewDemoTests.xctest */,
			);
			name = Products;
			sourceTree = "<group>";
		};
		17DBAD041B74B03B00B26A83 /* BLSmartPageViewDemo */ = {
			isa = PBXGroup;
			children = (
				17DD164F1B75ABED00E0858C /* Image */,
				17DBAD091B74B03B00B26A83 /* AppDelegate.h */,
				17DBAD0A1B74B03B00B26A83 /* AppDelegate.m */,
				17DBAD0C1B74B03B00B26A83 /* ViewController.h */,
				17DBAD0D1B74B03B00B26A83 /* ViewController.m */,
				17DBAD0F1B74B03B00B26A83 /* Main.storyboard */,
				17DBAD121B74B03B00B26A83 /* Images.xcassets */,
				17DBAD141B74B03B00B26A83 /* LaunchScreen.xib */,
				17DBAD051B74B03B00B26A83 /* Supporting Files */,
				17DBAD341B74B81000B26A83 /* APPChildViewController.h */,
				17DBAD351B74B81000B26A83 /* APPChildViewController.m */,
				17DBAD361B74B81000B26A83 /* APPChildViewController.xib */,
				17DC5B461B7B24B70007C40B /* BLCustomClass */,
				17D755631B79C67D00385A30 /* NibFile */,
				17DDCA121B78B6E500AF415B /* PropertyConfigPhrase.h */,
				17DDCA131B78B6E500AF415B /* PropertyConfigPhrase.m */,
			);
			path = BLSmartPageViewDemo;
			sourceTree = "<group>";
		};
		17DBAD051B74B03B00B26A83 /* Supporting Files */ = {
			isa = PBXGroup;
			children = (
				17DBAD061B74B03B00B26A83 /* Info.plist */,
				17DBAD071B74B03B00B26A83 /* main.m */,
			);
			name = "Supporting Files";
			sourceTree = "<group>";
		};
		17DBAD1E1B74B03B00B26A83 /* BLSmartPageViewDemoTests */ = {
			isa = PBXGroup;
			children = (
				17DBAD211B74B03B00B26A83 /* BLSmartPageViewDemoTests.m */,
				17DBAD1F1B74B03B00B26A83 /* Supporting Files */,
			);
			path = BLSmartPageViewDemoTests;
			sourceTree = "<group>";
		};
		17DBAD1F1B74B03B00B26A83 /* Supporting Files */ = {
			isa = PBXGroup;
			children = (
				17DBAD201B74B03B00B26A83 /* Info.plist */,
			);
			name = "Supporting Files";
			sourceTree = "<group>";
		};
		17DC5B461B7B24B70007C40B /* BLCustomClass */ = {
			isa = PBXGroup;
			children = (
				17DC5B471B7B25690007C40B /* BLUIButton.h */,
				17DC5B481B7B25690007C40B /* BLUIButton.m */,
			);
			name = BLCustomClass;
			sourceTree = "<group>";
		};
		17DD164F1B75ABED00E0858C /* Image */ = {
			isa = PBXGroup;
			children = (
				17DDCA0B1B787D6800AF415B /* 资源库 */,
				17DD16501B75AC1200E0858C /* homeDemo.png */,
			);
			name = Image;
			sourceTree = "<group>";
		};
/* End PBXGroup section */

/* Begin PBXNativeTarget section */
		17DBAD011B74B03B00B26A83 /* BLSmartPageViewDemo */ = {
			isa = PBXNativeTarget;
			buildConfigurationList = 17DBAD251B74B03B00B26A83 /* Build configuration list for PBXNativeTarget "BLSmartPageViewDemo" */;
			buildPhases = (
				17DBACFE1B74B03B00B26A83 /* Sources */,
				17DBACFF1B74B03B00B26A83 /* Frameworks */,
				17DBAD001B74B03B00B26A83 /* Resources */,
			);
			buildRules = (
			);
			dependencies = (
			);
			name = BLSmartPageViewDemo;
			productName = BLSmartPageViewDemo;
			productReference = 17DBAD021B74B03B00B26A83 /* BLSmartPageViewDemo.app */;
			productType = "com.apple.product-type.application";
		};
		17DBAD1A1B74B03B00B26A83 /* BLSmartPageViewDemoTests */ = {
			isa = PBXNativeTarget;
			buildConfigurationList = 17DBAD281B74B03B00B26A83 /* Build configuration list for PBXNativeTarget "BLSmartPageViewDemoTests" */;
			buildPhases = (
				17DBAD171B74B03B00B26A83 /* Sources */,
				17DBAD181B74B03B00B26A83 /* Frameworks */,
				17DBAD191B74B03B00B26A83 /* Resources */,
			);
			buildRules = (
			);
			dependencies = (
				17DBAD1D1B74B03B00B26A83 /* PBXTargetDependency */,
			);
			name = BLSmartPageViewDemoTests;
			productName = BLSmartPageViewDemoTests;
			productReference = 17DBAD1B1B74B03B00B26A83 /* BLSmartPageViewDemoTests.xctest */;
			productType = "com.apple.product-type.bundle.unit-test";
		};
/* End PBXNativeTarget section */

/* Begin PBXProject section */
		17DBACFA1B74B03B00B26A83 /* Project object */ = {
			isa = PBXProject;
			attributes = {
				LastUpgradeCheck = 0640;
				ORGANIZATIONNAME = Landyu;
				TargetAttributes = {
					17DBAD011B74B03B00B26A83 = {
						CreatedOnToolsVersion = 6.4;
					};
					17DBAD1A1B74B03B00B26A83 = {
						CreatedOnToolsVersion = 6.4;
						TestTargetID = 17DBAD011B74B03B00B26A83;
					};
				};
			};
			buildConfigurationList = 17DBACFD1B74B03B00B26A83 /* Build configuration list for PBXProject "BLSmartPageViewDemo" */;
			compatibilityVersion = "Xcode 3.2";
			developmentRegion = English;
			hasScannedForEncodings = 0;
			knownRegions = (
				en,
				Base,
			);
			mainGroup = 17DBACF91B74B03B00B26A83;
			productRefGroup = 17DBAD031B74B03B00B26A83 /* Products */;
			projectDirPath = "";
			projectRoot = "";
			targets = (
				17DBAD011B74B03B00B26A83 /* BLSmartPageViewDemo */,
				17DBAD1A1B74B03B00B26A83 /* BLSmartPageViewDemoTests */,
			);
		};
/* End PBXProject section */

/* Begin PBXResourcesBuildPhase section */
		17DBAD001B74B03B00B26A83 /* Resources */ = {
			isa = PBXResourcesBuildPhase;
			buildActionMask = 2147483647;
			files = (
				17D755601B79C5EB00385A30 /* SecondBedroom.xib in Resources */,
				17DDCA0C1B787D6800AF415B /* 资源库 in Resources */,
				17DD16511B75AC1200E0858C /* homeDemo.png in Resources */,
				17DBAD111B74B03B00B26A83 /* Main.storyboard in Resources */,
				17DBAD161B74B03B00B26A83 /* LaunchScreen.xib in Resources */,
				17DDCA061B787A3B00AF415B /* LivingDiningRoom.xib in Resources */,
				17DDCA0E1B788A4000AF415B /* NorthMainBedroom.xib in Resources */,
				17DDCA111B78B22100AF415B /* PropertyConfig.plist in Resources */,
				17DBAD131B74B03B00B26A83 /* Images.xcassets in Resources */,
				17DC5B4B1B7B33760007C40B /* LivingDiningRoom.plist in Resources */,
				17DBAD381B74B81000B26A83 /* APPChildViewController.xib in Resources */,
				17D755621B79C62500385A30 /* ButleRoom.xib in Resources */,
			);
			runOnlyForDeploymentPostprocessing = 0;
		};
		17DBAD191B74B03B00B26A83 /* Resources */ = {
			isa = PBXResourcesBuildPhase;
			buildActionMask = 2147483647;
			files = (
			);
			runOnlyForDeploymentPostprocessing = 0;
		};
/* End PBXResourcesBuildPhase section */

/* Begin PBXSourcesBuildPhase section */
		17DBACFE1B74B03B00B26A83 /* Sources */ = {
			isa = PBXSourcesBuildPhase;
			buildActionMask = 2147483647;
			files = (
				17DBAD0E1B74B03B00B26A83 /* ViewController.m in Sources */,
				17DBAD0B1B74B03B00B26A83 /* AppDelegate.m in Sources */,
				17DBAD081B74B03B00B26A83 /* main.m in Sources */,
				17DC5B491B7B25690007C40B /* BLUIButton.m in Sources */,
				17DBAD371B74B81000B26A83 /* APPChildViewController.m in Sources */,
				17DDCA141B78B6E500AF415B /* PropertyConfigPhrase.m in Sources */,
			);
			runOnlyForDeploymentPostprocessing = 0;
		};
		17DBAD171B74B03B00B26A83 /* Sources */ = {
			isa = PBXSourcesBuildPhase;
			buildActionMask = 2147483647;
			files = (
				17DBAD221B74B03B00B26A83 /* BLSmartPageViewDemoTests.m in Sources */,
			);
			runOnlyForDeploymentPostprocessing = 0;
		};
/* End PBXSourcesBuildPhase section */

/* Begin PBXTargetDependency section */
		17DBAD1D1B74B03B00B26A83 /* PBXTargetDependency */ = {
			isa = PBXTargetDependency;
			target = 17DBAD011B74B03B00B26A83 /* BLSmartPageViewDemo */;
			targetProxy = 17DBAD1C1B74B03B00B26A83 /* PBXContainerItemProxy */;
		};
/* End PBXTargetDependency section */

/* Begin PBXVariantGroup section */
		17DBAD0F1B74B03B00B26A83 /* Main.storyboard */ = {
			isa = PBXVariantGroup;
			children = (
				17DBAD101B74B03B00B26A83 /* Base */,
			);
			name = Main.storyboard;
			sourceTree = "<group>";
		};
		17DBAD141B74B03B00B26A83 /* LaunchScreen.xib */ = {
			isa = PBXVariantGroup;
			children = (
				17DBAD151B74B03B00B26A83 /* Base */,
			);
			name = LaunchScreen.xib;
			sourceTree = "<group>";
		};
/* End PBXVariantGroup section */

/* Begin XCBuildConfiguration section */
		17DBAD231B74B03B00B26A83 /* Debug */ = {
			isa = XCBuildConfiguration;
			buildSettings = {
				ALWAYS_SEARCH_USER_PATHS = NO;
				CLANG_CXX_LANGUAGE_STANDARD = "gnu++0x";
				CLANG_CXX_LIBRARY = "libc++";
				CLANG_ENABLE_MODULES = YES;
				CLANG_ENABLE_OBJC_ARC = YES;
				CLANG_WARN_BOOL_CONVERSION = YES;
				CLANG_WARN_CONSTANT_CONVERSION = YES;
				CLANG_WARN_DIRECT_OBJC_ISA_USAGE = YES_ERROR;
				CLANG_WARN_EMPTY_BODY = YES;
				CLANG_WARN_ENUM_CONVERSION = YES;
				CLANG_WARN_INT_CONVERSION = YES;
				CLANG_WARN_OBJC_ROOT_CLASS = YES_ERROR;
				CLANG_WARN_UNREACHABLE_CODE = YES;
				CLANG_WARN__DUPLICATE_METHOD_MATCH = YES;
				"CODE_SIGN_IDENTITY[sdk=iphoneos*]" = "iPhone Developer";
				COPY_PHASE_STRIP = NO;
				DEBUG_INFORMATION_FORMAT = "dwarf-with-dsym";
				ENABLE_STRICT_OBJC_MSGSEND = YES;
				GCC_C_LANGUAGE_STANDARD = gnu99;
				GCC_DYNAMIC_NO_PIC = NO;
				GCC_NO_COMMON_BLOCKS = YES;
				GCC_OPTIMIZATION_LEVEL = 0;
				GCC_PREPROCESSOR_DEFINITIONS = (
					"DEBUG=1",
					"$(inherited)",
				);
				GCC_SYMBOLS_PRIVATE_EXTERN = NO;
				GCC_WARN_64_TO_32_BIT_CONVERSION = YES;
				GCC_WARN_ABOUT_RETURN_TYPE = YES_ERROR;
				GCC_WARN_UNDECLARED_SELECTOR = YES;
				GCC_WARN_UNINITIALIZED_AUTOS = YES_AGGRESSIVE;
				GCC_WARN_UNUSED_FUNCTION = YES;
				GCC_WARN_UNUSED_VARIABLE = YES;
				IPHONEOS_DEPLOYMENT_TARGET = 8.4;
				MTL_ENABLE_DEBUG_INFO = YES;
				ONLY_ACTIVE_ARCH = YES;
				SDKROOT = iphoneos;
				TARGETED_DEVICE_FAMILY = 2;
			};
			name = Debug;
		};
		17DBAD241B74B03B00B26A83 /* Release */ = {
			isa = XCBuildConfiguration;
			buildSettings = {
				ALWAYS_SEARCH_USER_PATHS = NO;
				CLANG_CXX_LANGUAGE_STANDARD = "gnu++0x";
				CLANG_CXX_LIBRARY = "libc++";
				CLANG_ENABLE_MODULES = YES;
				CLANG_ENABLE_OBJC_ARC = YES;
				CLANG_WARN_BOOL_CONVERSION = YES;
				CLANG_WARN_CONSTANT_CONVERSION = YES;
				CLANG_WARN_DIRECT_OBJC_ISA_USAGE = YES_ERROR;
				CLANG_WARN_EMPTY_BODY = YES;
				CLANG_WARN_ENUM_CONVERSION = YES;
				CLANG_WARN_INT_CONVERSION = YES;
				CLANG_WARN_OBJC_ROOT_CLASS = YES_ERROR;
				CLANG_WARN_UNREACHABLE_CODE = YES;
				CLANG_WARN__DUPLICATE_METHOD_MATCH = YES;
				"CODE_SIGN_IDENTITY[sdk=iphoneos*]" = "iPhone Developer";
				COPY_PHASE_STRIP = NO;
				DEBUG_INFORMATION_FORMAT = "dwarf-with-dsym";
				ENABLE_NS_ASSERTIONS = NO;
				ENABLE_STRICT_OBJC_MSGSEND = YES;
				GCC_C_LANGUAGE_STANDARD = gnu99;
				GCC_NO_COMMON_BLOCKS = YES;
				GCC_WARN_64_TO_32_BIT_CONVERSION = YES;
				GCC_WARN_ABOUT_RETURN_TYPE = YES_ERROR;
				GCC_WARN_UNDECLARED_SELECTOR = YES;
				GCC_WARN_UNINITIALIZED_AUTOS = YES_AGGRESSIVE;
				GCC_WARN_UNUSED_FUNCTION = YES;
				GCC_WARN_UNUSED_VARIABLE = YES;
				IPHONEOS_DEPLOYMENT_TARGET = 8.4;
				MTL_ENABLE_DEBUG_INFO = NO;
				SDKROOT = iphoneos;
				TARGETED_DEVICE_FAMILY = 2;
				VALIDATE_PRODUCT = YES;
			};
			name = Release;
		};
		17DBAD261B74B03B00B26A83 /* Debug */ = {
			isa = XCBuildConfiguration;
			buildSettings = {
				ASSETCATALOG_COMPILER_APPICON_NAME = AppIcon;
				INFOPLIST_FILE = BLSmartPageViewDemo/Info.plist;
				LD_RUNPATH_SEARCH_PATHS = "$(inherited) @executable_path/Frameworks";
				PRODUCT_NAME = "$(TARGET_NAME)";
			};
			name = Debug;
		};
		17DBAD271B74B03B00B26A83 /* Release */ = {
			isa = XCBuildConfiguration;
			buildSettings = {
				ASSETCATALOG_COMPILER_APPICON_NAME = AppIcon;
				INFOPLIST_FILE = BLSmartPageViewDemo/Info.plist;
				LD_RUNPATH_SEARCH_PATHS = "$(inherited) @executable_path/Frameworks";
				PRODUCT_NAME = "$(TARGET_NAME)";
			};
			name = Release;
		};
		17DBAD291B74B03B00B26A83 /* Debug */ = {
			isa = XCBuildConfiguration;
			buildSettings = {
				BUNDLE_LOADER = "$(TEST_HOST)";
				FRAMEWORK_SEARCH_PATHS = (
					"$(SDKROOT)/Developer/Library/Frameworks",
					"$(inherited)",
				);
				GCC_PREPROCESSOR_DEFINITIONS = (
					"DEBUG=1",
					"$(inherited)",
				);
				INFOPLIST_FILE = BLSmartPageViewDemoTests/Info.plist;
				LD_RUNPATH_SEARCH_PATHS = "$(inherited) @executable_path/Frameworks @loader_path/Frameworks";
				PRODUCT_NAME = "$(TARGET_NAME)";
				TEST_HOST = "$(BUILT_PRODUCTS_DIR)/BLSmartPageViewDemo.app/BLSmartPageViewDemo";
			};
			name = Debug;
		};
		17DBAD2A1B74B03B00B26A83 /* Release */ = {
			isa = XCBuildConfiguration;
			buildSettings = {
				BUNDLE_LOADER = "$(TEST_HOST)";
				FRAMEWORK_SEARCH_PATHS = (
					"$(SDKROOT)/Developer/Library/Frameworks",
					"$(inherited)",
				);
				INFOPLIST_FILE = BLSmartPageViewDemoTests/Info.plist;
				LD_RUNPATH_SEARCH_PATHS = "$(inherited) @executable_path/Frameworks @loader_path/Frameworks";
				PRODUCT_NAME = "$(TARGET_NAME)";
				TEST_HOST = "$(BUILT_PRODUCTS_DIR)/BLSmartPageViewDemo.app/BLSmartPageViewDemo";
			};
			name = Release;
		};
/* End XCBuildConfiguration section */

/* Begin XCConfigurationList section */
		17DBACFD1B74B03B00B26A83 /* Build configuration list for PBXProject "BLSmartPageViewDemo" */ = {
			isa = XCConfigurationList;
			buildConfigurations = (
				17DBAD231B74B03B00B26A83 /* Debug */,
				17DBAD241B74B03B00B26A83 /* Release */,
			);
			defaultConfigurationIsVisible = 0;
			defaultConfigurationName = Release;
		};
		17DBAD251B74B03B00B26A83 /* Build configuration list for PBXNativeTarget "BLSmartPageViewDemo" */ = {
			isa = XCConfigurationList;
			buildConfigurations = (
				17DBAD261B74B03B00B26A83 /* Debug */,
				17DBAD271B74B03B00B26A83 /* Release */,
			);
			defaultConfigurationIsVisible = 0;
			defaultConfigurationName = Release;
		};
		17DBAD281B74B03B00B26A83 /* Build configuration list for PBXNativeTarget "BLSmartPageViewDemoTests" */ = {
			isa = XCConfigurationList;
			buildConfigurations = (
				17DBAD291B74B03B00B26A83 /* Debug */,
				17DBAD2A1B74B03B00B26A83 /* Release */,
			);
			defaultConfigurationIsVisible = 0;
			defaultConfigurationName = Release;
		};
/* End XCConfigurationList section */
	};
	rootObject = 17DBACFA1B74B03B00B26A83 /* Project object */;
}
